
Microsoft Visual Studio Solution File, Format Version 12.00
# Visual Studio Version 17
VisualStudioVersion = 17.0.32002.185
MinimumVisualStudioVersion = 10.0.40219.1
Project("{FAE04EC0-301F-11D3-BF4B-00C04F79EFBC}") = "LabAbstractions", "LabAbstractions\LabAbstractions.csproj", "{17000E40-55BA-4CD4-BC4B-9203345DB416}"
EndProject
Global
	GlobalSection(SolutionConfigurationPlatforms) = preSolution
		Debug|Any CPU = Debug|Any CPU
		Release|Any CPU = Release|Any CPU
	EndGlobalSection
	GlobalSection(ProjectConfigurationPlatforms) = postSolution
		{17000E40-55BA-4CD4-BC4B-9203345DB416}.Debug|Any CPU.ActiveCfg = Debug|Any CPU
		{17000E40-55BA-4CD4-BC4B-9203345DB416}.Debug|Any CPU.Build.0 = Debug|Any CPU
		{17000E40-55BA-4CD4-BC4B-9203345DB416}.Release|Any CPU.ActiveCfg = Release|Any CPU
		{17000E40-55BA-4CD4-BC4B-9203345DB416}.Release|Any CPU.Build.0 = Release|Any CPU
	EndGlobalSection
	GlobalSection(SolutionProperties) = preSolution
		HideSolutionNode = FALSE
	EndGlobalSection
	GlobalSection(ExtensibilityGlobals) = postSolution
		SolutionGuid = {72956663-E616-4629-BDB6-54BAEA6DCC4A}
	EndGlobalSection
EndGlobal
